# generated by rye
# use `rye lock` or `rye sync` to update this lockfile
#
# last locked with the following flags:
#   pre: false
#   features: []
#   all-features: false
#   with-sources: false
#   generate-hashes: false
#   universal: false

-e file:.
async-timeout==4.0.3
    # via bleak
bleak==0.22.2
    # via dymo-bluetooth
dbus-fast==2.22.1
    # via bleak
pillow==11.0.0
    # via dymo-bluetooth
ruff==0.0.292
typing-extensions==4.12.2
    # via bleak
